<?xml version="1.0" encoding="UTF-8"?>
<CONFIG>
  <ProjectOptions>
    <Version Value="10"/>
    <PathDelim Value="\"/>
    <General>
      <SessionStorage Value="InProjectDir"/>
      <MainUnit Value="0"/>
      <Title Value="DelilahV2"/>
      <ResourceType Value="res"/>
      <UseXPManifest Value="True"/>
      <Icon Value="0"/>
    </General>
    <BuildModes Count="1">
      <Item1 Name="Default" Default="True"/>
    </BuildModes>
    <PublishOptions>
      <Version Value="2"/>
    </PublishOptions>
    <RunParams>
      <local>
        <FormatVersion Value="1"/>
      </local>
    </RunParams>
    <RequiredPackages Count="1">
      <Item1>
        <PackageName Value="LCL"/>
      </Item1>
    </RequiredPackages>
    <Units Count="2">
      <Unit0>
        <Filename Value="DelilahV2.lpr"/>
        <IsPartOfProject Value="True"/>
      </Unit0>
      <Unit1>
        <Filename Value="udelilahv2.pas"/>
        <IsPartOfProject Value="True"/>
        <ComponentName Value="Main"/>
        <HasResources Value="True"/>
        <ResourceBaseClass Value="Form"/>
        <UnitName Value="uDelilahV2"/>
      </Unit1>
    </Units>
  </ProjectOptions>
  <CompilerOptions>
    <Version Value="11"/>
    <PathDelim Value="\"/>
    <Target>
      <Filename Value="DelilahV2"/>
    </Target>
    <SearchPaths>
      <IncludeFiles Value="$(ProjOutDir)"/>
      <OtherUnitFiles Value="..\src\coinbase-pro\src;..\src\coinbase-pro\src\mORMot;..\src\coinbase-pro\src\mORMot\CrossPlatform;..\src\coinbase-pro\src\HashLib4Pascal\HashLib\src\Crypto;..\src\coinbase-pro\src\HashLib4Pascal\HashLib\src\Interfaces;..\src\coinbase-pro\src\HashLib4Pascal\HashLib\src\Utils;..\src\coinbase-pro\src\HashLib4Pascal\HashLib\src\Base;..\src\coinbase-pro\src\HashLib4Pascal\HashLib\src\Nullable;..\src\coinbase-pro\src\HashLib4Pascal\HashLib\src\NullDigest;..\src\coinbase-pro\src\HashLib4Pascal\HashLib\src\Checksum;..\src\coinbase-pro\src\HashLib4Pascal\HashLib\src\Hash32;..\src\coinbase-pro\src\HashLib4Pascal\HashLib\src\Hash64;..\src\coinbase-pro\src\HashLib4Pascal\HashLib\src\Hash128;..\src\coinbase-pro\src\HashLib4Pascal\HashLib\src\Include;..\src\coinbase-pro\src\HashLib4Pascal\HashLib\src\Interfaces\IBlake2BConfigurations;..\src\coinbase-pro\src\HashLib4Pascal\HashLib\src\Interfaces\IBlake2SConfigurations;..\src\coinbase-pro\src\HashLib4Pascal\HashLib\src\Crypto\Blake2BConfigurations;..\src\coinbase-pro\src\HashLib4Pascal\HashLib\src\Crypto\Blake2SConfigurations;..\src\coinbase-pro\src\HashLib4Pascal\HashLib\src\KDF;..\src\coinbase-pro\src\SimpleBaseLib4Pascal\SimpleBaseLib\src\Bases;..\src\coinbase-pro\src\SimpleBaseLib4Pascal\SimpleBaseLib\src\Include;..\src\coinbase-pro\src\SimpleBaseLib4Pascal\SimpleBaseLib\src\Interfaces;..\src\coinbase-pro\src\SimpleBaseLib4Pascal\SimpleBaseLib\src\Utils;..\src\coinbase-pro\src\internettools\internet;..\src\coinbase-pro\src\internettools\data;..\src\ledger\src;..\src\slf4p\src\main"/>
      <UnitOutputDirectory Value="lib\$(TargetCPU)-$(TargetOS)"/>
    </SearchPaths>
    <Parsing>
      <SyntaxOptions>
        <SyntaxMode Value="Delphi"/>
      </SyntaxOptions>
    </Parsing>
    <Linking>
      <Options>
        <Win32>
          <GraphicApplication Value="True"/>
        </Win32>
      </Options>
    </Linking>
  </CompilerOptions>
  <Debugging>
    <Exceptions Count="3">
      <Item1>
        <Name Value="EAbort"/>
      </Item1>
      <Item2>
        <Name Value="ECodetoolError"/>
      </Item2>
      <Item3>
        <Name Value="EFOpenError"/>
      </Item3>
    </Exceptions>
  </Debugging>
</CONFIG>
