<?xml version="1.0" encoding="UTF-8"?>
<CONFIG>
  <ProjectOptions>
    <Version Value="10"/>
    <PathDelim Value="\"/>
    <General>
      <SessionStorage Value="InProjectDir"/>
      <MainUnit Value="0"/>
      <AutoCreateForms Value="False"/>
      <Title Value="SimpleBot"/>
      <ResourceType Value="res"/>
      <UseXPManifest Value="True"/>
      <Icon Value="0"/>
    </General>
    <BuildModes Count="1">
      <Item1 Name="Default" Default="True"/>
    </BuildModes>
    <PublishOptions>
      <Version Value="2"/>
    </PublishOptions>
    <RunParams>
      <local>
        <FormatVersion Value="1"/>
      </local>
    </RunParams>
    <RequiredPackages Count="2">
      <Item1>
        <PackageName Value="TAChartLazarusPkg"/>
      </Item1>
      <Item2>
        <PackageName Value="LCL"/>
      </Item2>
    </RequiredPackages>
    <Units Count="23">
      <Unit0>
        <Filename Value="SimpleBot.lpr"/>
        <IsPartOfProject Value="True"/>
      </Unit0>
      <Unit1>
        <Filename Value="forms\ui.main.pas"/>
        <IsPartOfProject Value="True"/>
        <ComponentName Value="Main"/>
        <HasResources Value="True"/>
        <ResourceBaseClass Value="Form"/>
      </Unit1>
      <Unit2>
        <Filename Value="frames\ui.authenticator.pas"/>
        <IsPartOfProject Value="True"/>
        <ComponentName Value="Authenticator"/>
        <HasResources Value="True"/>
        <ResourceBaseClass Value="Frame"/>
      </Unit2>
      <Unit3>
        <Filename Value="frames\ui.ignition.pas"/>
        <IsPartOfProject Value="True"/>
        <ComponentName Value="Ignition"/>
        <HasResources Value="True"/>
        <ResourceBaseClass Value="Frame"/>
      </Unit3>
      <Unit4>
        <Filename Value="frames\ui.usercontrol.pas"/>
        <IsPartOfProject Value="True"/>
        <ComponentName Value="UserControl"/>
        <HasResources Value="True"/>
        <ResourceBaseClass Value="Frame"/>
      </Unit4>
      <Unit5>
        <Filename Value="frames\ui.usercontrol.multiline.pas"/>
        <IsPartOfProject Value="True"/>
        <ComponentName Value="MultiLine"/>
        <HasResources Value="True"/>
        <ResourceBaseClass Value="Frame"/>
      </Unit5>
      <Unit6>
        <Filename Value="frames\ui.usercontrol.boolean.pas"/>
        <IsPartOfProject Value="True"/>
        <ComponentName Value="Bool"/>
        <HasResources Value="True"/>
        <ResourceBaseClass Value="Frame"/>
      </Unit6>
      <Unit7>
        <Filename Value="frames\ui.usercontrol.singleline.pas"/>
        <IsPartOfProject Value="True"/>
        <ComponentName Value="SingleLine"/>
        <HasResources Value="True"/>
        <ResourceBaseClass Value="Frame"/>
      </Unit7>
      <Unit8>
        <Filename Value="frames\ui.usercontrol.singleoption.pas"/>
        <IsPartOfProject Value="True"/>
        <ComponentName Value="SingleOption"/>
        <HasResources Value="True"/>
        <ResourceBaseClass Value="Frame"/>
      </Unit8>
      <Unit9>
        <Filename Value="frames\ui.product.pas"/>
        <IsPartOfProject Value="True"/>
        <ComponentName Value="ProductFrame"/>
        <HasResources Value="True"/>
        <ResourceBaseClass Value="Frame"/>
      </Unit9>
      <Unit10>
        <Filename Value="frames\ui.usercontrol.products.pas"/>
        <IsPartOfProject Value="True"/>
        <ComponentName Value="Products"/>
        <HasResources Value="True"/>
        <ResourceBaseClass Value="Frame"/>
      </Unit10>
      <Unit11>
        <Filename Value="..\src\delilah.types.pas"/>
        <IsPartOfProject Value="True"/>
      </Unit11>
      <Unit12>
        <Filename Value="..\src\delilah.order.pas"/>
        <IsPartOfProject Value="True"/>
      </Unit12>
      <Unit13>
        <Filename Value="..\src\delilah.order.gdax.pas"/>
        <IsPartOfProject Value="True"/>
      </Unit13>
      <Unit14>
        <Filename Value="..\src\delilah.manager.pas"/>
        <IsPartOfProject Value="True"/>
      </Unit14>
      <Unit15>
        <Filename Value="..\src\delilah.ticker.pas"/>
        <IsPartOfProject Value="True"/>
      </Unit15>
      <Unit16>
        <Filename Value="..\src\delilah.ticker.gdax.pas"/>
        <IsPartOfProject Value="True"/>
      </Unit16>
      <Unit17>
        <Filename Value="..\src\delilah.strategy.pas"/>
        <IsPartOfProject Value="True"/>
      </Unit17>
      <Unit18>
        <Filename Value="..\src\delilah.strategy.gdax.pas"/>
        <IsPartOfProject Value="True"/>
      </Unit18>
      <Unit19>
        <Filename Value="..\src\delilah.pas"/>
        <IsPartOfProject Value="True"/>
      </Unit19>
      <Unit20>
        <Filename Value="..\src\delilah.strategy.window.pas"/>
        <IsPartOfProject Value="True"/>
      </Unit20>
      <Unit21>
        <Filename Value="..\src\delilah.strategy.gdax.sample.pas"/>
        <IsPartOfProject Value="True"/>
      </Unit21>
      <Unit22>
        <Filename Value="..\src\delilah.manager.gdax.pas"/>
        <IsPartOfProject Value="True"/>
      </Unit22>
    </Units>
  </ProjectOptions>
  <CompilerOptions>
    <Version Value="11"/>
    <PathDelim Value="\"/>
    <Target>
      <Filename Value="SimpleBot"/>
    </Target>
    <SearchPaths>
      <IncludeFiles Value="$(ProjOutDir)"/>
      <OtherUnitFiles Value="forms;..\src\coinbase-pro\src;..\src\coinbase-pro\src\mORMot;..\src\coinbase-pro\src\mORMot\CrossPlatform;..\src\coinbase-pro\src\HashLib4Pascal\HashLib\src\Crypto;..\src\coinbase-pro\src\HashLib4Pascal\HashLib\src\Interfaces;..\src\coinbase-pro\src\HashLib4Pascal\HashLib\src\Utils;..\src\coinbase-pro\src\HashLib4Pascal\HashLib\src\Base;..\src\coinbase-pro\src\HashLib4Pascal\HashLib\src\Nullable;..\src\coinbase-pro\src\HashLib4Pascal\HashLib\src\NullDigest;..\src\coinbase-pro\src\HashLib4Pascal\HashLib\src\Checksum;..\src\coinbase-pro\src\HashLib4Pascal\HashLib\src\Hash32;..\src\coinbase-pro\src\HashLib4Pascal\HashLib\src\Hash64;..\src\coinbase-pro\src\HashLib4Pascal\HashLib\src\Hash128;..\src\coinbase-pro\src\HashLib4Pascal\HashLib\src\Include;..\src\coinbase-pro\src\HashLib4Pascal\HashLib\src\Interfaces\IBlake2BConfigurations;..\src\coinbase-pro\src\HashLib4Pascal\HashLib\src\Interfaces\IBlake2SConfigurations;..\src\coinbase-pro\src\HashLib4Pascal\HashLib\src\Crypto\Blake2BConfigurations;..\src\coinbase-pro\src\HashLib4Pascal\HashLib\src\Crypto\Blake2SConfigurations;..\src\coinbase-pro\src\HashLib4Pascal\HashLib\src\KDF;..\src\coinbase-pro\src\SimpleBaseLib4Pascal\SimpleBaseLib\src\Bases;..\src\coinbase-pro\src\SimpleBaseLib4Pascal\SimpleBaseLib\src\Include;..\src\coinbase-pro\src\SimpleBaseLib4Pascal\SimpleBaseLib\src\Interfaces;..\src\coinbase-pro\src\SimpleBaseLib4Pascal\SimpleBaseLib\src\Utils;..\src\coinbase-pro\src\internettools\internet;..\src\coinbase-pro\src\internettools\data;frames;..\src;..\src\ledger\src"/>
      <UnitOutputDirectory Value="lib\$(TargetCPU)-$(TargetOS)"/>
    </SearchPaths>
    <Parsing>
      <SyntaxOptions>
        <SyntaxMode Value="Delphi"/>
      </SyntaxOptions>
    </Parsing>
    <Linking>
      <Options>
        <Win32>
          <GraphicApplication Value="True"/>
        </Win32>
      </Options>
    </Linking>
  </CompilerOptions>
  <Debugging>
    <Exceptions Count="3">
      <Item1>
        <Name Value="EAbort"/>
      </Item1>
      <Item2>
        <Name Value="ECodetoolError"/>
      </Item2>
      <Item3>
        <Name Value="EFOpenError"/>
      </Item3>
    </Exceptions>
  </Debugging>
</CONFIG>
