<?xml version="1.0" encoding="UTF-8"?>
<CONFIG>
  <ProjectOptions>
    <Version Value="12"/>
    <PathDelim Value="\"/>
    <General>
      <Flags>
        <CompatibilityMode Value="True"/>
      </Flags>
      <SessionStorage Value="InProjectDir"/>
      <AutoCreateForms Value="False"/>
      <Title Value="SimpleBot"/>
      <Scaled Value="True"/>
      <ResourceType Value="res"/>
      <UseXPManifest Value="True"/>
      <XPManifest>
        <DpiAware Value="True"/>
      </XPManifest>
      <Icon Value="0"/>
    </General>
    <BuildModes Count="3">
      <Item1 Name="Default" Default="True"/>
      <Item2 Name="Release">
        <CompilerOptions>
          <Version Value="11"/>
          <PathDelim Value="\"/>
          <Target>
            <Filename Value="SimpleBot"/>
          </Target>
          <SearchPaths>
            <IncludeFiles Value="$(ProjOutDir)"/>
            <OtherUnitFiles Value="forms;..\src\coinbase-pro\src;..\src\coinbase-pro\src\mORMot;..\src\coinbase-pro\src\mORMot\CrossPlatform;..\src\coinbase-pro\src\HashLib4Pascal\HashLib\src\Crypto;..\src\coinbase-pro\src\HashLib4Pascal\HashLib\src\Interfaces;..\src\coinbase-pro\src\HashLib4Pascal\HashLib\src\Utils;..\src\coinbase-pro\src\HashLib4Pascal\HashLib\src\Base;..\src\coinbase-pro\src\HashLib4Pascal\HashLib\src\Nullable;..\src\coinbase-pro\src\HashLib4Pascal\HashLib\src\NullDigest;..\src\coinbase-pro\src\HashLib4Pascal\HashLib\src\Checksum;..\src\coinbase-pro\src\HashLib4Pascal\HashLib\src\Hash32;..\src\coinbase-pro\src\HashLib4Pascal\HashLib\src\Hash64;..\src\coinbase-pro\src\HashLib4Pascal\HashLib\src\Hash128;..\src\coinbase-pro\src\HashLib4Pascal\HashLib\src\Include;..\src\coinbase-pro\src\HashLib4Pascal\HashLib\src\KDF;..\src\coinbase-pro\src\SimpleBaseLib4Pascal\SimpleBaseLib\src\Bases;..\src\coinbase-pro\src\SimpleBaseLib4Pascal\SimpleBaseLib\src\Include;..\src\coinbase-pro\src\SimpleBaseLib4Pascal\SimpleBaseLib\src\Interfaces;..\src\coinbase-pro\src\SimpleBaseLib4Pascal\SimpleBaseLib\src\Utils;..\src\coinbase-pro\src\internettools\internet;..\src\coinbase-pro\src\internettools\data;frames;..\src;..\src\ledger\src;..\src\AraratSynapse;..\utilities\ticker_parser;..\utilities\common;common;..\src\ezthreads\src;..\src\coinbase-pro\src\HashLib4Pascal\HashLib\src\Interfaces\IBlake2BParams;..\src\coinbase-pro\src\HashLib4Pascal\HashLib\src\Interfaces\IBlake2SParams;..\src\coinbase-pro\src\HashLib4Pascal\HashLib\src\Crypto\Blake2SParams;..\src\coinbase-pro\src\HashLib4Pascal\HashLib\src\Crypto\Blake2BParams"/>
            <UnitOutputDirectory Value="lib\$(TargetCPU)-$(TargetOS)"/>
          </SearchPaths>
          <Parsing>
            <SyntaxOptions>
              <SyntaxMode Value="Delphi"/>
            </SyntaxOptions>
          </Parsing>
          <CodeGeneration>
            <SmartLinkUnit Value="True"/>
            <TargetOS Value="win32"/>
            <Optimizations>
              <OptimizationLevel Value="3"/>
            </Optimizations>
          </CodeGeneration>
          <Linking>
            <Debugging>
              <GenerateDebugInfo Value="False"/>
            </Debugging>
            <LinkSmart Value="True"/>
            <Options>
              <Win32>
                <GraphicApplication Value="True"/>
              </Win32>
            </Options>
          </Linking>
        </CompilerOptions>
      </Item2>
      <Item3 Name="Release_x64">
        <CompilerOptions>
          <Version Value="11"/>
          <PathDelim Value="\"/>
          <Target>
            <Filename Value="SimpleBot"/>
          </Target>
          <SearchPaths>
            <IncludeFiles Value="$(ProjOutDir)"/>
            <OtherUnitFiles Value="forms;..\src\coinbase-pro\src;..\src\coinbase-pro\src\mORMot;..\src\coinbase-pro\src\mORMot\CrossPlatform;..\src\coinbase-pro\src\HashLib4Pascal\HashLib\src\Crypto;..\src\coinbase-pro\src\HashLib4Pascal\HashLib\src\Interfaces;..\src\coinbase-pro\src\HashLib4Pascal\HashLib\src\Utils;..\src\coinbase-pro\src\HashLib4Pascal\HashLib\src\Base;..\src\coinbase-pro\src\HashLib4Pascal\HashLib\src\Nullable;..\src\coinbase-pro\src\HashLib4Pascal\HashLib\src\NullDigest;..\src\coinbase-pro\src\HashLib4Pascal\HashLib\src\Checksum;..\src\coinbase-pro\src\HashLib4Pascal\HashLib\src\Hash32;..\src\coinbase-pro\src\HashLib4Pascal\HashLib\src\Hash64;..\src\coinbase-pro\src\HashLib4Pascal\HashLib\src\Hash128;..\src\coinbase-pro\src\HashLib4Pascal\HashLib\src\Include;..\src\coinbase-pro\src\HashLib4Pascal\HashLib\src\KDF;..\src\coinbase-pro\src\SimpleBaseLib4Pascal\SimpleBaseLib\src\Bases;..\src\coinbase-pro\src\SimpleBaseLib4Pascal\SimpleBaseLib\src\Include;..\src\coinbase-pro\src\SimpleBaseLib4Pascal\SimpleBaseLib\src\Interfaces;..\src\coinbase-pro\src\SimpleBaseLib4Pascal\SimpleBaseLib\src\Utils;..\src\coinbase-pro\src\internettools\internet;..\src\coinbase-pro\src\internettools\data;frames;..\src;..\src\ledger\src;..\src\AraratSynapse;..\utilities\ticker_parser;..\utilities\common;common;..\src\ezthreads\src;..\src\coinbase-pro\src\HashLib4Pascal\HashLib\src\Interfaces\IBlake2BParams;..\src\coinbase-pro\src\HashLib4Pascal\HashLib\src\Interfaces\IBlake2SParams;..\src\coinbase-pro\src\HashLib4Pascal\HashLib\src\Crypto\Blake2SParams;..\src\coinbase-pro\src\HashLib4Pascal\HashLib\src\Crypto\Blake2BParams"/>
            <UnitOutputDirectory Value="lib\$(TargetCPU)-$(TargetOS)"/>
          </SearchPaths>
          <Parsing>
            <SyntaxOptions>
              <SyntaxMode Value="Delphi"/>
            </SyntaxOptions>
          </Parsing>
          <CodeGeneration>
            <SmartLinkUnit Value="True"/>
            <TargetCPU Value="x86_64"/>
            <TargetOS Value="win64"/>
            <Optimizations>
              <OptimizationLevel Value="3"/>
            </Optimizations>
          </CodeGeneration>
          <Linking>
            <Debugging>
              <GenerateDebugInfo Value="False"/>
            </Debugging>
            <LinkSmart Value="True"/>
            <Options>
              <Win32>
                <GraphicApplication Value="True"/>
              </Win32>
            </Options>
          </Linking>
        </CompilerOptions>
      </Item3>
    </BuildModes>
    <PublishOptions>
      <Version Value="2"/>
    </PublishOptions>
    <RunParams>
      <FormatVersion Value="2"/>
      <Modes Count="1">
        <Mode0 Name="default"/>
      </Modes>
    </RunParams>
    <RequiredPackages Count="2">
      <Item1>
        <PackageName Value="TAChartLazarusPkg"/>
      </Item1>
      <Item2>
        <PackageName Value="LCL"/>
      </Item2>
    </RequiredPackages>
    <Units Count="45">
      <Unit0>
        <Filename Value="SimpleBot.lpr"/>
        <IsPartOfProject Value="True"/>
      </Unit0>
      <Unit1>
        <Filename Value="forms\ui.main.pas"/>
        <IsPartOfProject Value="True"/>
        <ComponentName Value="SimpleBot"/>
        <HasResources Value="True"/>
        <ResourceBaseClass Value="Form"/>
      </Unit1>
      <Unit2>
        <Filename Value="frames\ui.authenticator.pas"/>
        <IsPartOfProject Value="True"/>
        <ComponentName Value="Authenticator"/>
        <HasResources Value="True"/>
        <ResourceBaseClass Value="Frame"/>
      </Unit2>
      <Unit3>
        <Filename Value="frames\ui.ignition.pas"/>
        <IsPartOfProject Value="True"/>
        <ComponentName Value="Ignition"/>
        <HasResources Value="True"/>
        <ResourceBaseClass Value="Frame"/>
      </Unit3>
      <Unit4>
        <Filename Value="frames\ui.usercontrol.pas"/>
        <IsPartOfProject Value="True"/>
        <ComponentName Value="UserControl"/>
        <HasResources Value="True"/>
        <ResourceBaseClass Value="Frame"/>
      </Unit4>
      <Unit5>
        <Filename Value="frames\ui.usercontrol.multiline.pas"/>
        <IsPartOfProject Value="True"/>
        <ComponentName Value="MultiLine"/>
        <HasResources Value="True"/>
        <ResourceBaseClass Value="Frame"/>
      </Unit5>
      <Unit6>
        <Filename Value="frames\ui.usercontrol.boolean.pas"/>
        <IsPartOfProject Value="True"/>
        <ComponentName Value="Bool"/>
        <HasResources Value="True"/>
        <ResourceBaseClass Value="Frame"/>
      </Unit6>
      <Unit7>
        <Filename Value="frames\ui.usercontrol.singleline.pas"/>
        <IsPartOfProject Value="True"/>
        <ComponentName Value="SingleLine"/>
        <HasResources Value="True"/>
        <ResourceBaseClass Value="Frame"/>
      </Unit7>
      <Unit8>
        <Filename Value="frames\ui.usercontrol.singleoption.pas"/>
        <IsPartOfProject Value="True"/>
        <ComponentName Value="SingleOption"/>
        <HasResources Value="True"/>
        <ResourceBaseClass Value="Frame"/>
      </Unit8>
      <Unit9>
        <Filename Value="frames\ui.product.pas"/>
        <IsPartOfProject Value="True"/>
        <ComponentName Value="ProductFrame"/>
        <HasResources Value="True"/>
        <ResourceBaseClass Value="Frame"/>
      </Unit9>
      <Unit10>
        <Filename Value="frames\ui.usercontrol.products.pas"/>
        <IsPartOfProject Value="True"/>
        <ComponentName Value="Products"/>
        <HasResources Value="True"/>
        <ResourceBaseClass Value="Frame"/>
      </Unit10>
      <Unit11>
        <Filename Value="..\src\delilah.types.pas"/>
        <IsPartOfProject Value="True"/>
      </Unit11>
      <Unit12>
        <Filename Value="..\src\delilah.order.pas"/>
        <IsPartOfProject Value="True"/>
      </Unit12>
      <Unit13>
        <Filename Value="..\src\delilah.order.gdax.pas"/>
        <IsPartOfProject Value="True"/>
      </Unit13>
      <Unit14>
        <Filename Value="..\src\delilah.manager.pas"/>
        <IsPartOfProject Value="True"/>
      </Unit14>
      <Unit15>
        <Filename Value="..\src\delilah.ticker.pas"/>
        <IsPartOfProject Value="True"/>
      </Unit15>
      <Unit16>
        <Filename Value="..\src\delilah.ticker.gdax.pas"/>
        <IsPartOfProject Value="True"/>
      </Unit16>
      <Unit17>
        <Filename Value="..\src\delilah.strategy.pas"/>
        <IsPartOfProject Value="True"/>
      </Unit17>
      <Unit18>
        <Filename Value="..\src\delilah.strategy.gdax.pas"/>
        <IsPartOfProject Value="True"/>
      </Unit18>
      <Unit19>
        <Filename Value="..\src\delilah.pas"/>
        <IsPartOfProject Value="True"/>
      </Unit19>
      <Unit20>
        <Filename Value="..\src\delilah.strategy.window.pas"/>
        <IsPartOfProject Value="True"/>
      </Unit20>
      <Unit21>
        <Filename Value="..\src\delilah.strategy.gdax.sample.pas"/>
        <IsPartOfProject Value="True"/>
      </Unit21>
      <Unit22>
        <Filename Value="..\src\delilah.manager.gdax.pas"/>
        <IsPartOfProject Value="True"/>
      </Unit22>
      <Unit23>
        <Filename Value="..\src\delilah.strategy.gdax.sample.extended.pas"/>
        <IsPartOfProject Value="True"/>
      </Unit23>
      <Unit24>
        <Filename Value="forms\ui.email.pas"/>
        <IsPartOfProject Value="True"/>
        <ComponentName Value="EmailSetup"/>
        <HasResources Value="True"/>
        <ResourceBaseClass Value="Form"/>
      </Unit24>
      <Unit25>
        <Filename Value="frames\ui.email.frame.pas"/>
        <IsPartOfProject Value="True"/>
        <ComponentName Value="EmailSetupFrame"/>
        <ResourceBaseClass Value="Frame"/>
      </Unit25>
      <Unit26>
        <Filename Value="..\src\delilah.strategy.channels.pas"/>
        <IsPartOfProject Value="True"/>
      </Unit26>
      <Unit27>
        <Filename Value="..\src\delilah.strategy.gdax.tiers.pas"/>
        <IsPartOfProject Value="True"/>
      </Unit27>
      <Unit28>
        <Filename Value="..\src\delilah.strategy.acceleration.pas"/>
        <IsPartOfProject Value="True"/>
      </Unit28>
      <Unit29>
        <Filename Value="..\src\delilah.strategy.utils.pas"/>
        <IsPartOfProject Value="True"/>
      </Unit29>
      <Unit30>
        <Filename Value="..\src\delilah.strategy.acceleration.gdax.pas"/>
        <IsPartOfProject Value="True"/>
      </Unit30>
      <Unit31>
        <Filename Value="frames\ui.gunslinger.pas"/>
        <IsPartOfProject Value="True"/>
        <ComponentName Value="Gunslinger"/>
        <HasResources Value="True"/>
        <ResourceBaseClass Value="Frame"/>
        <UnitName Value="ui.Gunslinger"/>
      </Unit31>
      <Unit32>
        <Filename Value="frames\ui.gunslinger.gdax.pas"/>
        <IsPartOfProject Value="True"/>
        <ComponentName Value="GDAXGunslinger"/>
        <HasResources Value="True"/>
        <ResourceBaseClass Value="Frame"/>
      </Unit32>
      <Unit33>
        <Filename Value="frames\ui.gunslinger.gdax.order.pas"/>
        <IsPartOfProject Value="True"/>
        <ComponentName Value="GDAXSlingerOrder"/>
        <HasResources Value="True"/>
        <ResourceBaseClass Value="Frame"/>
      </Unit33>
      <Unit34>
        <Filename Value="frames\ui.usercontrol.slider.pas"/>
        <IsPartOfProject Value="True"/>
        <ComponentName Value="Slider"/>
        <HasResources Value="True"/>
        <ResourceBaseClass Value="Frame"/>
      </Unit34>
      <Unit35>
        <Filename Value="frames\ui.usercontrol.slider.control.pas"/>
        <IsPartOfProject Value="True"/>
        <ComponentName Value="SliderControl"/>
        <HasResources Value="True"/>
        <ResourceBaseClass Value="Frame"/>
      </Unit35>
      <Unit36>
        <Filename Value="frames\ui.usercontrol.profittarget.pas"/>
        <IsPartOfProject Value="True"/>
        <ComponentName Value="ProfitTarget"/>
        <HasResources Value="True"/>
        <ResourceBaseClass Value="Frame"/>
      </Unit36>
      <Unit37>
        <Filename Value="frames\ui.usercontrol.profittarget.control.pas"/>
        <IsPartOfProject Value="True"/>
        <ComponentName Value="ProfitTargetControl"/>
        <HasResources Value="True"/>
        <ResourceBaseClass Value="Frame"/>
      </Unit37>
      <Unit38>
        <Filename Value="..\utilities\ticker_parser\utilities.tickerparser.main.pas"/>
        <IsPartOfProject Value="True"/>
        <ComponentName Value="TickerParser"/>
        <HasResources Value="True"/>
        <ResourceBaseClass Value="Form"/>
      </Unit38>
      <Unit39>
        <Filename Value="..\utilities\common\utilities.mock.manager.pas"/>
        <IsPartOfProject Value="True"/>
      </Unit39>
      <Unit40>
        <Filename Value="common\ui.license.pas"/>
        <IsPartOfProject Value="True"/>
      </Unit40>
      <Unit41>
        <Filename Value="..\src\ezthreads\src\ezthreads.pas"/>
        <IsPartOfProject Value="True"/>
      </Unit41>
      <Unit42>
        <Filename Value="..\src\delilah.strategy.bobber.pas"/>
        <IsPartOfProject Value="True"/>
      </Unit42>
      <Unit43>
        <Filename Value="..\src\delilah.strategy.bobber.gdax.pas"/>
        <IsPartOfProject Value="True"/>
      </Unit43>
      <Unit44>
        <Filename Value="frames\ui.strategy.bobber.pas"/>
        <IsPartOfProject Value="True"/>
        <ComponentName Value="ConfigureBobber"/>
        <HasResources Value="True"/>
        <ResourceBaseClass Value="Frame"/>
      </Unit44>
    </Units>
  </ProjectOptions>
  <CompilerOptions>
    <Version Value="11"/>
    <PathDelim Value="\"/>
    <Target>
      <Filename Value="SimpleBot"/>
    </Target>
    <SearchPaths>
      <IncludeFiles Value="$(ProjOutDir)"/>
      <OtherUnitFiles Value="forms;..\src\coinbase-pro\src;..\src\coinbase-pro\src\mORMot;..\src\coinbase-pro\src\mORMot\CrossPlatform;..\src\coinbase-pro\src\HashLib4Pascal\HashLib\src\Crypto;..\src\coinbase-pro\src\HashLib4Pascal\HashLib\src\Interfaces;..\src\coinbase-pro\src\HashLib4Pascal\HashLib\src\Utils;..\src\coinbase-pro\src\HashLib4Pascal\HashLib\src\Base;..\src\coinbase-pro\src\HashLib4Pascal\HashLib\src\Nullable;..\src\coinbase-pro\src\HashLib4Pascal\HashLib\src\NullDigest;..\src\coinbase-pro\src\HashLib4Pascal\HashLib\src\Checksum;..\src\coinbase-pro\src\HashLib4Pascal\HashLib\src\Hash32;..\src\coinbase-pro\src\HashLib4Pascal\HashLib\src\Hash64;..\src\coinbase-pro\src\HashLib4Pascal\HashLib\src\Hash128;..\src\coinbase-pro\src\HashLib4Pascal\HashLib\src\Include;..\src\coinbase-pro\src\HashLib4Pascal\HashLib\src\KDF;..\src\coinbase-pro\src\SimpleBaseLib4Pascal\SimpleBaseLib\src\Bases;..\src\coinbase-pro\src\SimpleBaseLib4Pascal\SimpleBaseLib\src\Include;..\src\coinbase-pro\src\SimpleBaseLib4Pascal\SimpleBaseLib\src\Interfaces;..\src\coinbase-pro\src\SimpleBaseLib4Pascal\SimpleBaseLib\src\Utils;..\src\coinbase-pro\src\internettools\internet;..\src\coinbase-pro\src\internettools\data;frames;..\src;..\src\ledger\src;..\src\AraratSynapse;..\utilities\ticker_parser;..\utilities\common;common;..\src\ezthreads\src;..\src\coinbase-pro\src\HashLib4Pascal\HashLib\src\Interfaces\IBlake2BParams;..\src\coinbase-pro\src\HashLib4Pascal\HashLib\src\Interfaces\IBlake2SParams;..\src\coinbase-pro\src\HashLib4Pascal\HashLib\src\Crypto\Blake2SParams;..\src\coinbase-pro\src\HashLib4Pascal\HashLib\src\Crypto\Blake2BParams"/>
      <UnitOutputDirectory Value="lib\$(TargetCPU)-$(TargetOS)"/>
    </SearchPaths>
    <Parsing>
      <SyntaxOptions>
        <SyntaxMode Value="Delphi"/>
        <IncludeAssertionCode Value="True"/>
      </SyntaxOptions>
    </Parsing>
    <CodeGeneration>
      <Checks>
        <IOChecks Value="True"/>
        <RangeChecks Value="True"/>
        <OverflowChecks Value="True"/>
        <StackChecks Value="True"/>
      </Checks>
      <VerifyObjMethodCallValidity Value="True"/>
      <Optimizations>
        <OptimizationLevel Value="0"/>
      </Optimizations>
    </CodeGeneration>
    <Linking>
      <Debugging>
        <UseLineInfoUnit Value="False"/>
      </Debugging>
      <Options>
        <Win32>
          <GraphicApplication Value="True"/>
        </Win32>
      </Options>
    </Linking>
  </CompilerOptions>
  <Debugging>
    <Exceptions Count="3">
      <Item1>
        <Name Value="EAbort"/>
      </Item1>
      <Item2>
        <Name Value="ECodetoolError"/>
      </Item2>
      <Item3>
        <Name Value="EFOpenError"/>
      </Item3>
    </Exceptions>
  </Debugging>
</CONFIG>
